
Microsoft Visual Studio Solution File, Format Version 12.00
# Visual Studio Version 17
VisualStudioVersion = 17.6.33815.320
MinimumVisualStudioVersion = 10.0.40219.1
Project("{9A19103F-16F7-4668-BE54-9A1E7A4F7556}") = "WebAPIAutores", "WebAPIAutores\WebAPIAutores.csproj", "{11AD7AC9-03EE-4C47-8573-2A63AAEBDBBD}"
EndProject
Project("{FAE04EC0-301F-11D3-BF4B-00C04F79EFBC}") = "WebAPIAutores.Tests", "WebAPIAutores.Tests\WebAPIAutores.Tests.csproj", "{FDBD0082-E673-4017-88FF-7AC791702162}"
EndProject
Global
	GlobalSection(SolutionConfigurationPlatforms) = preSolution
		Debug|Any CPU = Debug|Any CPU
		Release|Any CPU = Release|Any CPU
	EndGlobalSection
	GlobalSection(ProjectConfigurationPlatforms) = postSolution
		{11AD7AC9-03EE-4C47-8573-2A63AAEBDBBD}.Debug|Any CPU.ActiveCfg = Debug|Any CPU
		{11AD7AC9-03EE-4C47-8573-2A63AAEBDBBD}.Debug|Any CPU.Build.0 = Debug|Any CPU
		{11AD7AC9-03EE-4C47-8573-2A63AAEBDBBD}.Release|Any CPU.ActiveCfg = Release|Any CPU
		{11AD7AC9-03EE-4C47-8573-2A63AAEBDBBD}.Release|Any CPU.Build.0 = Release|Any CPU
		{FDBD0082-E673-4017-88FF-7AC791702162}.Debug|Any CPU.ActiveCfg = Debug|Any CPU
		{FDBD0082-E673-4017-88FF-7AC791702162}.Debug|Any CPU.Build.0 = Debug|Any CPU
		{FDBD0082-E673-4017-88FF-7AC791702162}.Release|Any CPU.ActiveCfg = Release|Any CPU
		{FDBD0082-E673-4017-88FF-7AC791702162}.Release|Any CPU.Build.0 = Release|Any CPU
	EndGlobalSection
	GlobalSection(SolutionProperties) = preSolution
		HideSolutionNode = FALSE
	EndGlobalSection
	GlobalSection(ExtensibilityGlobals) = postSolution
		SolutionGuid = {F7B2F1ED-54DC-4880-B5DD-14AD05ECF545}
	EndGlobalSection
EndGlobal
