
Microsoft Visual Studio Solution File, Format Version 12.00
# Visual Studio Version 17
VisualStudioVersion = 17.7.34003.232
MinimumVisualStudioVersion = 10.0.40219.1
Project("{FAE04EC0-301F-11D3-BF4B-00C04F79EFBC}") = "ProcesoCRUD", "ProcesoCRUD\ProcesoCRUD.csproj", "{99341B49-EC88-494A-BC92-4FF548CBB556}"
EndProject
Global
	GlobalSection(SolutionConfigurationPlatforms) = preSolution
		Debug|Any CPU = Debug|Any CPU
		Release|Any CPU = Release|Any CPU
	EndGlobalSection
	GlobalSection(ProjectConfigurationPlatforms) = postSolution
		{99341B49-EC88-494A-BC92-4FF548CBB556}.Debug|Any CPU.ActiveCfg = Debug|Any CPU
		{99341B49-EC88-494A-BC92-4FF548CBB556}.Debug|Any CPU.Build.0 = Debug|Any CPU
		{99341B49-EC88-494A-BC92-4FF548CBB556}.Release|Any CPU.ActiveCfg = Release|Any CPU
		{99341B49-EC88-494A-BC92-4FF548CBB556}.Release|Any CPU.Build.0 = Release|Any CPU
	EndGlobalSection
	GlobalSection(SolutionProperties) = preSolution
		HideSolutionNode = FALSE
	EndGlobalSection
	GlobalSection(ExtensibilityGlobals) = postSolution
		SolutionGuid = {A45E0147-0AC1-4D90-A7A4-FAC9F824FA60}
	EndGlobalSection
EndGlobal
